<?xml version="1.0" encoding="utf-8"?>
<Project ToolsVersion="4.0" xmlns="http://schemas.microsoft.com/developer/msbuild/2003">
  <ItemGroup>
    <Filter Include="Source Files">
      <UniqueIdentifier>{4FC737F1-C7A5-4376-A066-2A32D752A2FF}</UniqueIdentifier>
      <Extensions>cpp;c;cc;cxx;c++;cppm;ixx;def;odl;idl;hpj;bat;asm;asmx</Extensions>
    </Filter>
    <Filter Include="Header Files">
      <UniqueIdentifier>{93995380-89BD-4b04-88EB-625FBE52EBFB}</UniqueIdentifier>
      <Extensions>h;hh;hpp;hxx;h++;hm;inl;inc;ipp;xsd</Extensions>
    </Filter>
    <Filter Include="Resource Files">
      <UniqueIdentifier>{67DA6AB6-F800-4c08-8B7A-83BB121AAD01}</UniqueIdentifier>
      <Extensions>rc;ico;cur;bmp;dlg;rc2;rct;bin;rgs;gif;jpg;jpeg;jpe;resx;tiff;tif;png;wav;mfcribbon-ms</Extensions>
    </Filter>
    <Filter Include="Source Files\http">
      <UniqueIdentifier>{8bfbb449-aaca-4906-8805-2cd3eb646164}</UniqueIdentifier>
    </Filter>
    <Filter Include="Header Files\http">
      <UniqueIdentifier>{e3fe1ede-9fb2-4fba-be9f-022a17f378a3}</UniqueIdentifier>
    </Filter>
    <Filter Include="Source Files\lua">
      <UniqueIdentifier>{7664f8cf-4fb8-45fc-855b-503f01a329d5}</UniqueIdentifier>
    </Filter>
    <Filter Include="Header Files\lua">
      <UniqueIdentifier>{b423ff28-e8be-42dd-914e-8bbbe48fdc86}</UniqueIdentifier>
    </Filter>
    <Filter Include="Source Files\lua\modules">
      <UniqueIdentifier>{204d093a-c85d-4688-b824-d8307abd324b}</UniqueIdentifier>
    </Filter>
  </ItemGroup>
  <ItemGroup>
    <ResourceCompile Include="atlas.rc">
      <Filter>Resource Files</Filter>
    </ResourceCompile>
  </ItemGroup>
  <ItemGroup>
    <ClCompile Include="..\src\http\error.cpp">
      <Filter>Source Files\http</Filter>
    </ClCompile>
    <ClCompile Include="..\src\http\cacheinfo.cpp">
      <Filter>Source Files\http</Filter>
    </ClCompile>
    <ClCompile Include="..\src\http\session.cpp">
      <Filter>Source Files\http</Filter>
    </ClCompile>
    <ClCompile Include="..\src\http\serverinfo.cpp">
      <Filter>Source Files\http</Filter>
    </ClCompile>
    <ClCompile Include="..\src\http\router.cpp">
      <Filter>Source Files\http</Filter>
    </ClCompile>
    <ClCompile Include="..\src\http\login.cpp">
      <Filter>Source Files\http</Filter>
    </ClCompile>
    <ClCompile Include="..\src\http\listener.cpp">
      <Filter>Source Files\http</Filter>
    </ClCompile>
    <ClCompile Include="..\src\http\http.cpp">
      <Filter>Source Files\http</Filter>
    </ClCompile>
    <ClCompile Include="..\src\talkaction.cpp">
      <Filter>Source Files</Filter>
    </ClCompile>
    <ClCompile Include="..\src\tasks.cpp">
      <Filter>Source Files</Filter>
    </ClCompile>
    <ClCompile Include="..\src\teleport.cpp">
      <Filter>Source Files</Filter>
    </ClCompile>
    <ClCompile Include="..\src\tile.cpp">
      <Filter>Source Files</Filter>
    </ClCompile>
    <ClCompile Include="..\src\tools.cpp">
      <Filter>Source Files</Filter>
    </ClCompile>
    <ClCompile Include="..\src\trashholder.cpp">
      <Filter>Source Files</Filter>
    </ClCompile>
    <ClCompile Include="..\src\vocation.cpp">
      <Filter>Source Files</Filter>
    </ClCompile>
    <ClCompile Include="..\src\weapons.cpp">
      <Filter>Source Files</Filter>
    </ClCompile>
    <ClCompile Include="..\src\wildcardtree.cpp">
      <Filter>Source Files</Filter>
    </ClCompile>
    <ClCompile Include="..\src\xtea.cpp">
      <Filter>Source Files</Filter>
    </ClCompile>
    <ClCompile Include="..\src\actions.cpp">
      <Filter>Source Files</Filter>
    </ClCompile>
    <ClCompile Include="..\src\ban.cpp">
      <Filter>Source Files</Filter>
    </ClCompile>
    <ClCompile Include="..\src\base64.cpp">
      <Filter>Source Files</Filter>
    </ClCompile>
    <ClCompile Include="..\src\baseevents.cpp">
      <Filter>Source Files</Filter>
    </ClCompile>
    <ClCompile Include="..\src\bed.cpp">
      <Filter>Source Files</Filter>
    </ClCompile>
    <ClCompile Include="..\src\chat.cpp">
      <Filter>Source Files</Filter>
    </ClCompile>
    <ClCompile Include="..\src\combat.cpp">
      <Filter>Source Files</Filter>
    </ClCompile>
    <ClCompile Include="..\src\condition.cpp">
      <Filter>Source Files</Filter>
    </ClCompile>
    <ClCompile Include="..\src\configmanager.cpp">
      <Filter>Source Files</Filter>
    </ClCompile>
    <ClCompile Include="..\src\connection.cpp">
      <Filter>Source Files</Filter>
    </ClCompile>
    <ClCompile Include="..\src\container.cpp">
      <Filter>Source Files</Filter>
    </ClCompile>
    <ClCompile Include="..\src\creature.cpp">
      <Filter>Source Files</Filter>
    </ClCompile>
    <ClCompile Include="..\src\database.cpp">
      <Filter>Source Files</Filter>
    </ClCompile>
    <ClCompile Include="..\src\databasemanager.cpp">
      <Filter>Source Files</Filter>
    </ClCompile>
    <ClCompile Include="..\src\databasetasks.cpp">
      <Filter>Source Files</Filter>
    </ClCompile>
    <ClCompile Include="..\src\depotchest.cpp">
      <Filter>Source Files</Filter>
    </ClCompile>
    <ClCompile Include="..\src\depotlocker.cpp">
      <Filter>Source Files</Filter>
    </ClCompile>
    <ClCompile Include="..\src\events.cpp">
      <Filter>Source Files</Filter>
    </ClCompile>
    <ClCompile Include="..\src\fileloader.cpp">
      <Filter>Source Files</Filter>
    </ClCompile>
    <ClCompile Include="..\src\game.cpp">
      <Filter>Source Files</Filter>
    </ClCompile>
    <ClCompile Include="..\src\globalevent.cpp">
      <Filter>Source Files</Filter>
    </ClCompile>
    <ClCompile Include="..\src\groups.cpp">
      <Filter>Source Files</Filter>
    </ClCompile>
    <ClCompile Include="..\src\guild.cpp">
      <Filter>Source Files</Filter>
    </ClCompile>
    <ClCompile Include="..\src\house.cpp">
      <Filter>Source Files</Filter>
    </ClCompile>
    <ClCompile Include="..\src\housetile.cpp">
      <Filter>Source Files</Filter>
    </ClCompile>
    <ClCompile Include="..\src\inbox.cpp">
      <Filter>Source Files</Filter>
    </ClCompile>
    <ClCompile Include="..\src\iologindata.cpp">
      <Filter>Source Files</Filter>
    </ClCompile>
    <ClCompile Include="..\src\iomap.cpp">
      <Filter>Source Files</Filter>
    </ClCompile>
    <ClCompile Include="..\src\iomapserialize.cpp">
      <Filter>Source Files</Filter>
    </ClCompile>
    <ClCompile Include="..\src\iomarket.cpp">
      <Filter>Source Files</Filter>
    </ClCompile>
    <ClCompile Include="..\src\item.cpp">
      <Filter>Source Files</Filter>
    </ClCompile>
    <ClCompile Include="..\src\items.cpp">
      <Filter>Source Files</Filter>
    </ClCompile>
    <ClCompile Include="..\src\mailbox.cpp">
      <Filter>Source Files</Filter>
    </ClCompile>
    <ClCompile Include="..\src\map.cpp">
      <Filter>Source Files</Filter>
    </ClCompile>
    <ClCompile Include="..\src\matrixarea.cpp">
      <Filter>Source Files</Filter>
    </ClCompile>
    <ClCompile Include="..\src\monster.cpp">
      <Filter>Source Files</Filter>
    </ClCompile>
    <ClCompile Include="..\src\monsters.cpp">
      <Filter>Source Files</Filter>
    </ClCompile>
    <ClCompile Include="..\src\mounts.cpp">
      <Filter>Source Files</Filter>
    </ClCompile>
    <ClCompile Include="..\src\movement.cpp">
      <Filter>Source Files</Filter>
    </ClCompile>
    <ClCompile Include="..\src\networkmessage.cpp">
      <Filter>Source Files</Filter>
    </ClCompile>
    <ClCompile Include="..\src\npc.cpp">
      <Filter>Source Files</Filter>
    </ClCompile>
    <ClCompile Include="..\src\otserv.cpp">
      <Filter>Source Files</Filter>
    </ClCompile>
    <ClCompile Include="..\src\outfit.cpp">
      <Filter>Source Files</Filter>
    </ClCompile>
    <ClCompile Include="..\src\outputmessage.cpp">
      <Filter>Source Files</Filter>
    </ClCompile>
    <ClCompile Include="..\src\party.cpp">
      <Filter>Source Files</Filter>
    </ClCompile>
    <ClCompile Include="..\src\player.cpp">
      <Filter>Source Files</Filter>
    </ClCompile>
    <ClCompile Include="..\src\podium.cpp">
      <Filter>Source Files</Filter>
    </ClCompile>
    <ClCompile Include="..\src\position.cpp">
      <Filter>Source Files</Filter>
    </ClCompile>
    <ClCompile Include="..\src\protocol.cpp">
      <Filter>Source Files</Filter>
    </ClCompile>
    <ClCompile Include="..\src\protocolgame.cpp">
      <Filter>Source Files</Filter>
    </ClCompile>
    <ClCompile Include="..\src\protocolstatus.cpp">
      <Filter>Source Files</Filter>
    </ClCompile>
    <ClCompile Include="..\src\rsa.cpp">
      <Filter>Source Files</Filter>
    </ClCompile>
    <ClCompile Include="..\src\scheduler.cpp">
      <Filter>Source Files</Filter>
    </ClCompile>
    <ClCompile Include="..\src\script.cpp">
      <Filter>Source Files</Filter>
    </ClCompile>
    <ClCompile Include="..\src\scriptmanager.cpp">
      <Filter>Source Files</Filter>
    </ClCompile>
    <ClCompile Include="..\src\server.cpp">
      <Filter>Source Files</Filter>
    </ClCompile>
    <ClCompile Include="..\src\signals.cpp">
      <Filter>Source Files</Filter>
    </ClCompile>
    <ClCompile Include="..\src\spawn.cpp">
      <Filter>Source Files</Filter>
    </ClCompile>
    <ClCompile Include="..\src\spells.cpp">
      <Filter>Source Files</Filter>
    </ClCompile>
    <ClCompile Include="..\src\storeinbox.cpp">
      <Filter>Source Files</Filter>
    </ClCompile>
    <ClCompile Include="..\src\lua\error.cpp">
      <Filter>Source Files\lua</Filter>
    </ClCompile>
    <ClCompile Include="..\src\lua\meta.cpp">
      <Filter>Source Files\lua</Filter>
    </ClCompile>
    <ClCompile Include="..\src\lua\env.cpp">
      <Filter>Source Files\lua</Filter>
    </ClCompile>
    <ClCompile Include="..\src\lua\api.cpp">
      <Filter>Source Files\lua</Filter>
    </ClCompile>
    <ClCompile Include="..\src\lua\modules\xml.cpp">
      <Filter>Source Files\lua\modules</Filter>
    </ClCompile>
    <ClCompile Include="..\src\lua\modules\weapon.cpp">
      <Filter>Source Files\lua\modules</Filter>
    </ClCompile>
    <ClCompile Include="..\src\lua\modules\globalevent.cpp">
      <Filter>Source Files\lua\modules</Filter>
    </ClCompile>
    <ClCompile Include="..\src\lua\modules\moveevent.cpp">
      <Filter>Source Files\lua\modules</Filter>
    </ClCompile>
    <ClCompile Include="..\src\lua\modules\talkaction.cpp">
      <Filter>Source Files\lua\modules</Filter>
    </ClCompile>
    <ClCompile Include="..\src\lua\modules\action.cpp">
      <Filter>Source Files\lua\modules</Filter>
    </ClCompile>
    <ClCompile Include="..\src\lua\modules\spell.cpp">
      <Filter>Source Files\lua\modules</Filter>
    </ClCompile>
    <ClCompile Include="..\src\lua\modules\party.cpp">
      <Filter>Source Files\lua\modules</Filter>
    </ClCompile>
    <ClCompile Include="..\src\lua\modules\outfit.cpp">
      <Filter>Source Files\lua\modules</Filter>
    </ClCompile>
    <ClCompile Include="..\src\lua\modules\condition.cpp">
      <Filter>Source Files\lua\modules</Filter>
    </ClCompile>
    <ClCompile Include="..\src\lua\modules\combat.cpp">
      <Filter>Source Files\lua\modules</Filter>
    </ClCompile>
    <ClCompile Include="..\src\lua\modules\itemtype.cpp">
      <Filter>Source Files\lua\modules</Filter>
    </ClCompile>
    <ClCompile Include="..\src\lua\modules\house.cpp">
      <Filter>Source Files\lua\modules</Filter>
    </ClCompile>
    <ClCompile Include="..\src\lua\modules\vocation.cpp">
      <Filter>Source Files\lua\modules</Filter>
    </ClCompile>
    <ClCompile Include="..\src\lua\modules\group.cpp">
      <Filter>Source Files\lua\modules</Filter>
    </ClCompile>
    <ClCompile Include="..\src\lua\modules\guild.cpp">
      <Filter>Source Files\lua\modules</Filter>
    </ClCompile>
    <ClCompile Include="..\src\lua\modules\npc.cpp">
      <Filter>Source Files\lua\modules</Filter>
    </ClCompile>
    <ClCompile Include="..\src\lua\modules\monster.cpp">
      <Filter>Source Files\lua\modules</Filter>
    </ClCompile>
    <ClCompile Include="..\src\lua\modules\player.cpp">
      <Filter>Source Files\lua\modules</Filter>
    </ClCompile>
    <ClCompile Include="..\src\lua\modules\creature.cpp">
      <Filter>Source Files\lua\modules</Filter>
    </ClCompile>
    <ClCompile Include="..\src\lua\modules\podium.cpp">
      <Filter>Source Files\lua\modules</Filter>
    </ClCompile>
    <ClCompile Include="..\src\lua\modules\teleport.cpp">
      <Filter>Source Files\lua\modules</Filter>
    </ClCompile>
    <ClCompile Include="..\src\lua\modules\container.cpp">
      <Filter>Source Files\lua\modules</Filter>
    </ClCompile>
    <ClCompile Include="..\src\lua\modules\item.cpp">
      <Filter>Source Files\lua\modules</Filter>
    </ClCompile>
    <ClCompile Include="..\src\lua\modules\modalwindow.cpp">
      <Filter>Source Files\lua\modules</Filter>
    </ClCompile>
    <ClCompile Include="..\src\lua\modules\networkmessage.cpp">
      <Filter>Source Files\lua\modules</Filter>
    </ClCompile>
    <ClCompile Include="..\src\lua\modules\tile.cpp">
      <Filter>Source Files\lua\modules</Filter>
    </ClCompile>
    <ClCompile Include="..\src\lua\modules\position.cpp">
      <Filter>Source Files\lua\modules</Filter>
    </ClCompile>
    <ClCompile Include="..\src\lua\modules\variant.cpp">
      <Filter>Source Files\lua\modules</Filter>
    </ClCompile>
    <ClCompile Include="..\src\lua\modules\game.cpp">
      <Filter>Source Files\lua\modules</Filter>
    </ClCompile>
    <ClCompile Include="..\src\lua\modules\configmanager.cpp">
      <Filter>Source Files\lua\modules</Filter>
    </ClCompile>
    <ClCompile Include="..\src\lua\script.cpp">
      <Filter>Source Files\lua</Filter>
    </ClCompile>
    <ClCompile Include="..\src\lua\modules\database.cpp">
      <Filter>Source Files\lua\modules</Filter>
    </ClCompile>
    <ClCompile Include="..\src\lua\modules\thing.cpp">
      <Filter>Source Files\lua\modules</Filter>
    </ClCompile>
    <ClCompile Include="..\src\lua\modules\globals.cpp">
      <Filter>Source Files\lua\modules</Filter>
    </ClCompile>
    <ClCompile Include="..\src\lua\modules.cpp">
      <Filter>Source Files\lua</Filter>
    </ClCompile>
    <ClCompile Include="..\src\lua\modules\monsters.cpp">
      <Filter>Source Files\lua\modules</Filter>
    </ClCompile>
    <ClCompile Include="..\src\lua\modules\stdlib.cpp">
      <Filter>Source Files\lua\modules</Filter>
    </ClCompile>
  </ItemGroup>
  <ItemGroup>
    <ClInclude Include="..\src\http\http.h">
      <Filter>Header Files\http</Filter>
    </ClInclude>
    <ClInclude Include="..\src\http\listener.h">
      <Filter>Header Files\http</Filter>
    </ClInclude>
    <ClInclude Include="..\src\http\login.h">
      <Filter>Header Files\http</Filter>
    </ClInclude>
    <ClInclude Include="..\src\http\router.h">
      <Filter>Header Files\http</Filter>
    </ClInclude>
    <ClInclude Include="..\src\http\serverinfo.h">
      <Filter>Header Files\http</Filter>
    </ClInclude>
    <ClInclude Include="..\src\http\session.h">
      <Filter>Header Files\http</Filter>
    </ClInclude>
    <ClInclude Include="..\src\http\cacheinfo.h">
      <Filter>Header Files\http</Filter>
    </ClInclude>
    <ClInclude Include="..\src\http\error.h">
      <Filter>Header Files\http</Filter>
    </ClInclude>
    <ClInclude Include="..\src\weapons.h">
      <Filter>Header Files</Filter>
    </ClInclude>
    <ClInclude Include="..\src\wildcardtree.h">
      <Filter>Header Files</Filter>
    </ClInclude>
    <ClInclude Include="..\src\xtea.h">
      <Filter>Header Files</Filter>
    </ClInclude>
    <ClInclude Include="..\src\actions.h">
      <Filter>Header Files</Filter>
    </ClInclude>
    <ClInclude Include="..\src\ban.h">
      <Filter>Header Files</Filter>
    </ClInclude>
    <ClInclude Include="..\src\base64.h">
      <Filter>Header Files</Filter>
    </ClInclude>
    <ClInclude Include="..\src\baseevents.h">
      <Filter>Header Files</Filter>
    </ClInclude>
    <ClInclude Include="..\src\bed.h">
      <Filter>Header Files</Filter>
    </ClInclude>
    <ClInclude Include="..\src\chat.h">
      <Filter>Header Files</Filter>
    </ClInclude>
    <ClInclude Include="..\src\combat.h">
      <Filter>Header Files</Filter>
    </ClInclude>
    <ClInclude Include="..\src\condition.h">
      <Filter>Header Files</Filter>
    </ClInclude>
    <ClInclude Include="..\src\configmanager.h">
      <Filter>Header Files</Filter>
    </ClInclude>
    <ClInclude Include="..\src\connection.h">
      <Filter>Header Files</Filter>
    </ClInclude>
    <ClInclude Include="..\src\const.h">
      <Filter>Header Files</Filter>
    </ClInclude>
    <ClInclude Include="..\src\container.h">
      <Filter>Header Files</Filter>
    </ClInclude>
    <ClInclude Include="..\src\creature.h">
      <Filter>Header Files</Filter>
    </ClInclude>
    <ClInclude Include="..\src\database.h">
      <Filter>Header Files</Filter>
    </ClInclude>
    <ClInclude Include="..\src\databasemanager.h">
      <Filter>Header Files</Filter>
    </ClInclude>
    <ClInclude Include="..\src\databasetasks.h">
      <Filter>Header Files</Filter>
    </ClInclude>
    <ClInclude Include="..\src\definitions.h">
      <Filter>Header Files</Filter>
    </ClInclude>
    <ClInclude Include="..\src\depotchest.h">
      <Filter>Header Files</Filter>
    </ClInclude>
    <ClInclude Include="..\src\depotlocker.h">
      <Filter>Header Files</Filter>
    </ClInclude>
    <ClInclude Include="..\src\enums.h">
      <Filter>Header Files</Filter>
    </ClInclude>
    <ClInclude Include="..\src\events.h">
      <Filter>Header Files</Filter>
    </ClInclude>
    <ClInclude Include="..\src\fileloader.h">
      <Filter>Header Files</Filter>
    </ClInclude>
    <ClInclude Include="..\src\game.h">
      <Filter>Header Files</Filter>
    </ClInclude>
    <ClInclude Include="..\src\globalevent.h">
      <Filter>Header Files</Filter>
    </ClInclude>
    <ClInclude Include="..\src\groups.h">
      <Filter>Header Files</Filter>
    </ClInclude>
    <ClInclude Include="..\src\guild.h">
      <Filter>Header Files</Filter>
    </ClInclude>
    <ClInclude Include="..\src\house.h">
      <Filter>Header Files</Filter>
    </ClInclude>
    <ClInclude Include="..\src\housetile.h">
      <Filter>Header Files</Filter>
    </ClInclude>
    <ClInclude Include="..\src\inbox.h">
      <Filter>Header Files</Filter>
    </ClInclude>
    <ClInclude Include="..\src\iologindata.h">
      <Filter>Header Files</Filter>
    </ClInclude>
    <ClInclude Include="..\src\iomap.h">
      <Filter>Header Files</Filter>
    </ClInclude>
    <ClInclude Include="..\src\iomapserialize.h">
      <Filter>Header Files</Filter>
    </ClInclude>
    <ClInclude Include="..\src\iomarket.h">
      <Filter>Header Files</Filter>
    </ClInclude>
    <ClInclude Include="..\src\item.h">
      <Filter>Header Files</Filter>
    </ClInclude>
    <ClInclude Include="..\src\itemloader.h">
      <Filter>Header Files</Filter>
    </ClInclude>
    <ClInclude Include="..\src\items.h">
      <Filter>Header Files</Filter>
    </ClInclude>
    <ClInclude Include="..\src\lockfree.h">
      <Filter>Header Files</Filter>
    </ClInclude>
    <ClInclude Include="..\src\mailbox.h">
      <Filter>Header Files</Filter>
    </ClInclude>
    <ClInclude Include="..\src\map.h">
      <Filter>Header Files</Filter>
    </ClInclude>
    <ClInclude Include="..\src\matrixarea.h">
      <Filter>Header Files</Filter>
    </ClInclude>
    <ClInclude Include="..\src\monster.h">
      <Filter>Header Files</Filter>
    </ClInclude>
    <ClInclude Include="..\src\monsters.h">
      <Filter>Header Files</Filter>
    </ClInclude>
    <ClInclude Include="..\src\mounts.h">
      <Filter>Header Files</Filter>
    </ClInclude>
    <ClInclude Include="..\src\movement.h">
      <Filter>Header Files</Filter>
    </ClInclude>
    <ClInclude Include="..\src\networkmessage.h">
      <Filter>Header Files</Filter>
    </ClInclude>
    <ClInclude Include="..\src\npc.h">
      <Filter>Header Files</Filter>
    </ClInclude>
    <ClInclude Include="..\src\otpch.h">
      <Filter>Header Files</Filter>
    </ClInclude>
    <ClInclude Include="..\src\otserv.h">
      <Filter>Header Files</Filter>
    </ClInclude>
    <ClInclude Include="..\src\outfit.h">
      <Filter>Header Files</Filter>
    </ClInclude>
    <ClInclude Include="..\src\outputmessage.h">
      <Filter>Header Files</Filter>
    </ClInclude>
    <ClInclude Include="..\src\party.h">
      <Filter>Header Files</Filter>
    </ClInclude>
    <ClInclude Include="..\src\player.h">
      <Filter>Header Files</Filter>
    </ClInclude>
    <ClInclude Include="..\src\podium.h">
      <Filter>Header Files</Filter>
    </ClInclude>
    <ClInclude Include="..\src\position.h">
      <Filter>Header Files</Filter>
    </ClInclude>
    <ClInclude Include="..\src\protocol.h">
      <Filter>Header Files</Filter>
    </ClInclude>
    <ClInclude Include="..\src\protocolgame.h">
      <Filter>Header Files</Filter>
    </ClInclude>
    <ClInclude Include="..\src\protocolstatus.h">
      <Filter>Header Files</Filter>
    </ClInclude>
    <ClInclude Include="..\src\pugicast.h">
      <Filter>Header Files</Filter>
    </ClInclude>
    <ClInclude Include="..\src\rsa.h">
      <Filter>Header Files</Filter>
    </ClInclude>
    <ClInclude Include="..\src\scheduler.h">
      <Filter>Header Files</Filter>
    </ClInclude>
    <ClInclude Include="..\src\script.h">
      <Filter>Header Files</Filter>
    </ClInclude>
    <ClInclude Include="..\src\scriptmanager.h">
      <Filter>Header Files</Filter>
    </ClInclude>
    <ClInclude Include="..\src\server.h">
      <Filter>Header Files</Filter>
    </ClInclude>
    <ClInclude Include="..\src\signals.h">
      <Filter>Header Files</Filter>
    </ClInclude>
    <ClInclude Include="..\src\spawn.h">
      <Filter>Header Files</Filter>
    </ClInclude>
    <ClInclude Include="..\src\spells.h">
      <Filter>Header Files</Filter>
    </ClInclude>
    <ClInclude Include="..\src\storeinbox.h">
      <Filter>Header Files</Filter>
    </ClInclude>
    <ClInclude Include="..\src\talkaction.h">
      <Filter>Header Files</Filter>
    </ClInclude>
    <ClInclude Include="..\src\tasks.h">
      <Filter>Header Files</Filter>
    </ClInclude>
    <ClInclude Include="..\src\teleport.h">
      <Filter>Header Files</Filter>
    </ClInclude>
    <ClInclude Include="..\src\thing.h">
      <Filter>Header Files</Filter>
    </ClInclude>
    <ClInclude Include="..\src\thread_holder_base.h">
      <Filter>Header Files</Filter>
    </ClInclude>
    <ClInclude Include="..\src\tile.h">
      <Filter>Header Files</Filter>
    </ClInclude>
    <ClInclude Include="..\src\tools.h">
      <Filter>Header Files</Filter>
    </ClInclude>
    <ClInclude Include="..\src\town.h">
      <Filter>Header Files</Filter>
    </ClInclude>
    <ClInclude Include="..\src\trashholder.h">
      <Filter>Header Files</Filter>
    </ClInclude>
    <ClInclude Include="..\src\vocation.h">
      <Filter>Header Files</Filter>
    </ClInclude>
    <ClInclude Include="..\src\lua\error.h">
      <Filter>Header Files\lua</Filter>
    </ClInclude>
    <ClInclude Include="..\src\lua\meta.h">
      <Filter>Header Files\lua</Filter>
    </ClInclude>
    <ClInclude Include="..\src\lua\env.h">
      <Filter>Header Files\lua</Filter>
    </ClInclude>
    <ClInclude Include="..\src\lua\api.h">
      <Filter>Header Files\lua</Filter>
    </ClInclude>
    <ClInclude Include="..\src\lua\variant.h">
      <Filter>Header Files\lua</Filter>
    </ClInclude>
    <ClInclude Include="..\src\lua\script.h">
      <Filter>Header Files\lua</Filter>
    </ClInclude>
    <ClInclude Include="..\src\lua\modules.h">
      <Filter>Header Files\lua</Filter>
    </ClInclude>
    <ClInclude Include="..\src\lua\modules\register.h">
      <Filter>Header Files\lua\modules</Filter>
    </ClInclude>
  </ItemGroup>
</Project>
