<?xml version="1.0" encoding="utf-8"?>
<Project ToolsVersion="4.0" xmlns="http://schemas.microsoft.com/developer/msbuild/2003">
  <ItemGroup>
    <Filter Include="Source Files">
      <UniqueIdentifier>{4FC737F1-C7A5-4376-A066-2A32D752A2FF}</UniqueIdentifier>
      <Extensions>cpp;c;cc;cxx;def;odl;idl;hpj;bat;asm;asmx</Extensions>
    </Filter>
    <Filter Include="Header Files">
      <UniqueIdentifier>{93995380-89BD-4b04-88EB-625FBE52EBFB}</UniqueIdentifier>
      <Extensions>h;hpp;hxx;hm;inl;inc;xsd</Extensions>
    </Filter>
    <Filter Include="Resource Files">
      <UniqueIdentifier>{67DA6AB6-F800-4c08-8B7A-83BB121AAD01}</UniqueIdentifier>
      <Extensions>rc;ico;cur;bmp;dlg;rc2;rct;bin;rgs;gif;jpg;jpeg;jpe;resx;tiff;tif;png;wav</Extensions>
    </Filter>
  </ItemGroup>
  <ItemGroup>
    <ClCompile Include="..\src\actions.cpp">
      <Filter>Source Files</Filter>
    </ClCompile>
    <ClCompile Include="..\src\admin.cpp">
      <Filter>Source Files</Filter>
    </ClCompile>
    <ClCompile Include="..\src\allocator.cpp">
      <Filter>Source Files</Filter>
    </ClCompile>
    <ClCompile Include="..\src\ban.cpp">
      <Filter>Source Files</Filter>
    </ClCompile>
    <ClCompile Include="..\src\baseevents.cpp">
      <Filter>Source Files</Filter>
    </ClCompile>
    <ClCompile Include="..\src\beds.cpp">
      <Filter>Source Files</Filter>
    </ClCompile>
    <ClCompile Include="..\src\chat.cpp">
      <Filter>Source Files</Filter>
    </ClCompile>
    <ClCompile Include="..\src\combat.cpp">
      <Filter>Source Files</Filter>
    </ClCompile>
    <ClCompile Include="..\src\commands.cpp">
      <Filter>Source Files</Filter>
    </ClCompile>
    <ClCompile Include="..\src\condition.cpp">
      <Filter>Source Files</Filter>
    </ClCompile>
    <ClCompile Include="..\src\configmanager.cpp">
      <Filter>Source Files</Filter>
    </ClCompile>
    <ClCompile Include="..\src\connection.cpp">
      <Filter>Source Files</Filter>
    </ClCompile>
    <ClCompile Include="..\src\container.cpp">
      <Filter>Source Files</Filter>
    </ClCompile>
    <ClCompile Include="..\src\creature.cpp">
      <Filter>Source Files</Filter>
    </ClCompile>
    <ClCompile Include="..\src\creatureevent.cpp">
      <Filter>Source Files</Filter>
    </ClCompile>
    <ClCompile Include="..\src\cylinder.cpp">
      <Filter>Source Files</Filter>
    </ClCompile>
    <ClCompile Include="..\src\database.cpp">
      <Filter>Source Files</Filter>
    </ClCompile>
    <ClCompile Include="..\src\databasemanager.cpp">
      <Filter>Source Files</Filter>
    </ClCompile>
    <ClCompile Include="..\src\exception.cpp">
      <Filter>Source Files</Filter>
    </ClCompile>
    <ClCompile Include="..\src\fileloader.cpp">
      <Filter>Source Files</Filter>
    </ClCompile>
    <ClCompile Include="..\src\game.cpp">
      <Filter>Source Files</Filter>
    </ClCompile>
    <ClCompile Include="..\src\globalevent.cpp">
      <Filter>Source Files</Filter>
    </ClCompile>
    <ClCompile Include="..\src\house.cpp">
      <Filter>Source Files</Filter>
    </ClCompile>
    <ClCompile Include="..\src\housetile.cpp">
      <Filter>Source Files</Filter>
    </ClCompile>
    <ClCompile Include="..\src\inputbox.cpp">
      <Filter>Source Files</Filter>
    </ClCompile>
    <ClCompile Include="..\src\ioguild.cpp">
      <Filter>Source Files</Filter>
    </ClCompile>
    <ClCompile Include="..\src\iologindata.cpp">
      <Filter>Source Files</Filter>
    </ClCompile>
    <ClCompile Include="..\src\iomap.cpp">
      <Filter>Source Files</Filter>
    </ClCompile>
    <ClCompile Include="..\src\iomapserialize.cpp">
      <Filter>Source Files</Filter>
    </ClCompile>
    <ClCompile Include="..\src\iomarket.cpp">
      <Filter>Source Files</Filter>
    </ClCompile>
    <ClCompile Include="..\src\item.cpp">
      <Filter>Source Files</Filter>
    </ClCompile>
    <ClCompile Include="..\src\items.cpp">
      <Filter>Source Files</Filter>
    </ClCompile>
    <ClCompile Include="..\src\logger.cpp">
      <Filter>Source Files</Filter>
    </ClCompile>
    <ClCompile Include="..\src\luascript.cpp">
      <Filter>Source Files</Filter>
    </ClCompile>
    <ClCompile Include="..\src\mailbox.cpp">
      <Filter>Source Files</Filter>
    </ClCompile>
    <ClCompile Include="..\src\map.cpp">
      <Filter>Source Files</Filter>
    </ClCompile>
    <ClCompile Include="..\src\monster.cpp">
      <Filter>Source Files</Filter>
    </ClCompile>
    <ClCompile Include="..\src\monsters.cpp">
      <Filter>Source Files</Filter>
    </ClCompile>
    <ClCompile Include="..\src\mounts.cpp">
      <Filter>Source Files</Filter>
    </ClCompile>
    <ClCompile Include="..\src\movement.cpp">
      <Filter>Source Files</Filter>
    </ClCompile>
    <ClCompile Include="..\src\networkmessage.cpp">
      <Filter>Source Files</Filter>
    </ClCompile>
    <ClCompile Include="..\src\npc.cpp">
      <Filter>Source Files</Filter>
    </ClCompile>
    <ClCompile Include="..\src\otserv.cpp">
      <Filter>Source Files</Filter>
    </ClCompile>
    <ClCompile Include="..\src\outfit.cpp">
      <Filter>Source Files</Filter>
    </ClCompile>
    <ClCompile Include="..\src\outputmessage.cpp">
      <Filter>Source Files</Filter>
    </ClCompile>
    <ClCompile Include="..\src\party.cpp">
      <Filter>Source Files</Filter>
    </ClCompile>
    <ClCompile Include="..\src\player.cpp">
      <Filter>Source Files</Filter>
    </ClCompile>
    <ClCompile Include="..\src\playerbox.cpp">
      <Filter>Source Files</Filter>
    </ClCompile>
    <ClCompile Include="..\src\position.cpp">
      <Filter>Source Files</Filter>
    </ClCompile>
    <ClCompile Include="..\src\protocol.cpp">
      <Filter>Source Files</Filter>
    </ClCompile>
    <ClCompile Include="..\src\protocolgame.cpp">
      <Filter>Source Files</Filter>
    </ClCompile>
    <ClCompile Include="..\src\protocollogin.cpp">
      <Filter>Source Files</Filter>
    </ClCompile>
    <ClCompile Include="..\src\protocolold.cpp">
      <Filter>Source Files</Filter>
    </ClCompile>
    <ClCompile Include="..\src\quests.cpp">
      <Filter>Source Files</Filter>
    </ClCompile>
    <ClCompile Include="..\src\raids.cpp">
      <Filter>Source Files</Filter>
    </ClCompile>
    <ClCompile Include="..\src\rsa.cpp">
      <Filter>Source Files</Filter>
    </ClCompile>
    <ClCompile Include="..\src\scheduler.cpp">
      <Filter>Source Files</Filter>
    </ClCompile>
    <ClCompile Include="..\src\scriptmanager.cpp">
      <Filter>Source Files</Filter>
    </ClCompile>
    <ClCompile Include="..\src\server.cpp">
      <Filter>Source Files</Filter>
    </ClCompile>
    <ClCompile Include="..\src\sha1.cpp">
      <Filter>Source Files</Filter>
    </ClCompile>
    <ClCompile Include="..\src\spawn.cpp">
      <Filter>Source Files</Filter>
    </ClCompile>
    <ClCompile Include="..\src\spells.cpp">
      <Filter>Source Files</Filter>
    </ClCompile>
    <ClCompile Include="..\src\status.cpp">
      <Filter>Source Files</Filter>
    </ClCompile>
    <ClCompile Include="..\src\talkaction.cpp">
      <Filter>Source Files</Filter>
    </ClCompile>
    <ClCompile Include="..\src\tasks.cpp">
      <Filter>Source Files</Filter>
    </ClCompile>
    <ClCompile Include="..\src\teleport.cpp">
      <Filter>Source Files</Filter>
    </ClCompile>
    <ClCompile Include="..\src\textlogger.cpp">
      <Filter>Source Files</Filter>
    </ClCompile>
    <ClCompile Include="..\src\thing.cpp">
      <Filter>Source Files</Filter>
    </ClCompile>
    <ClCompile Include="..\src\tile.cpp">
      <Filter>Source Files</Filter>
    </ClCompile>
    <ClCompile Include="..\src\tools.cpp">
      <Filter>Source Files</Filter>
    </ClCompile>
    <ClCompile Include="..\src\trashholder.cpp">
      <Filter>Source Files</Filter>
    </ClCompile>
    <ClCompile Include="..\src\vocation.cpp">
      <Filter>Source Files</Filter>
    </ClCompile>
    <ClCompile Include="..\src\waitlist.cpp">
      <Filter>Source Files</Filter>
    </ClCompile>
    <ClCompile Include="..\src\weapons.cpp">
      <Filter>Source Files</Filter>
    </ClCompile>
    <ClCompile Include="..\src\otpch.cpp">
      <Filter>Source Files</Filter>
    </ClCompile>
    <ClCompile Include="..\src\depotchest.cpp">
      <Filter>Source Files</Filter>
    </ClCompile>
    <ClCompile Include="..\src\depotlocker.cpp">
      <Filter>Source Files</Filter>
    </ClCompile>
    <ClCompile Include="..\src\inbox.cpp">
      <Filter>Source Files</Filter>
    </ClCompile>
  </ItemGroup>
  <ItemGroup>
    <ClInclude Include="..\src\account.h">
      <Filter>Header Files</Filter>
    </ClInclude>
    <ClInclude Include="..\src\actions.h">
      <Filter>Header Files</Filter>
    </ClInclude>
    <ClInclude Include="..\src\admin.h">
      <Filter>Header Files</Filter>
    </ClInclude>
    <ClInclude Include="..\src\allocator.h">
      <Filter>Header Files</Filter>
    </ClInclude>
    <ClInclude Include="..\src\ban.h">
      <Filter>Header Files</Filter>
    </ClInclude>
    <ClInclude Include="..\src\baseevents.h">
      <Filter>Header Files</Filter>
    </ClInclude>
    <ClInclude Include="..\src\beds.h">
      <Filter>Header Files</Filter>
    </ClInclude>
    <ClInclude Include="..\src\chat.h">
      <Filter>Header Files</Filter>
    </ClInclude>
    <ClInclude Include="..\src\combat.h">
      <Filter>Header Files</Filter>
    </ClInclude>
    <ClInclude Include="..\src\commands.h">
      <Filter>Header Files</Filter>
    </ClInclude>
    <ClInclude Include="..\src\condition.h">
      <Filter>Header Files</Filter>
    </ClInclude>
    <ClInclude Include="..\src\configmanager.h">
      <Filter>Header Files</Filter>
    </ClInclude>
    <ClInclude Include="..\src\connection.h">
      <Filter>Header Files</Filter>
    </ClInclude>
    <ClInclude Include="..\src\const.h">
      <Filter>Header Files</Filter>
    </ClInclude>
    <ClInclude Include="..\src\container.h">
      <Filter>Header Files</Filter>
    </ClInclude>
    <ClInclude Include="..\src\creature.h">
      <Filter>Header Files</Filter>
    </ClInclude>
    <ClInclude Include="..\src\creatureevent.h">
      <Filter>Header Files</Filter>
    </ClInclude>
    <ClInclude Include="..\src\cylinder.h">
      <Filter>Header Files</Filter>
    </ClInclude>
    <ClInclude Include="..\src\database.h">
      <Filter>Header Files</Filter>
    </ClInclude>
    <ClInclude Include="..\src\databasemanager.h">
      <Filter>Header Files</Filter>
    </ClInclude>
    <ClInclude Include="..\src\definitions.h">
      <Filter>Header Files</Filter>
    </ClInclude>
    <ClInclude Include="..\src\enums.h">
      <Filter>Header Files</Filter>
    </ClInclude>
    <ClInclude Include="..\src\exception.h">
      <Filter>Header Files</Filter>
    </ClInclude>
    <ClInclude Include="..\src\fileloader.h">
      <Filter>Header Files</Filter>
    </ClInclude>
    <ClInclude Include="..\src\game.h">
      <Filter>Header Files</Filter>
    </ClInclude>
    <ClInclude Include="..\src\globalevent.h">
      <Filter>Header Files</Filter>
    </ClInclude>
    <ClInclude Include="..\src\house.h">
      <Filter>Header Files</Filter>
    </ClInclude>
    <ClInclude Include="..\src\housetile.h">
      <Filter>Header Files</Filter>
    </ClInclude>
    <ClInclude Include="..\src\inputbox.h">
      <Filter>Header Files</Filter>
    </ClInclude>
    <ClInclude Include="..\src\ioguild.h">
      <Filter>Header Files</Filter>
    </ClInclude>
    <ClInclude Include="..\src\iologindata.h">
      <Filter>Header Files</Filter>
    </ClInclude>
    <ClInclude Include="..\src\iomap.h">
      <Filter>Header Files</Filter>
    </ClInclude>
    <ClInclude Include="..\src\iomapserialize.h">
      <Filter>Header Files</Filter>
    </ClInclude>
    <ClInclude Include="..\src\iomarket.h">
      <Filter>Header Files</Filter>
    </ClInclude>
    <ClInclude Include="..\src\item.h">
      <Filter>Header Files</Filter>
    </ClInclude>
    <ClInclude Include="..\src\itemloader.h">
      <Filter>Header Files</Filter>
    </ClInclude>
    <ClInclude Include="..\src\items.h">
      <Filter>Header Files</Filter>
    </ClInclude>
    <ClInclude Include="..\src\logger.h">
      <Filter>Header Files</Filter>
    </ClInclude>
    <ClInclude Include="..\src\luascript.h">
      <Filter>Header Files</Filter>
    </ClInclude>
    <ClInclude Include="..\src\mailbox.h">
      <Filter>Header Files</Filter>
    </ClInclude>
    <ClInclude Include="..\src\map.h">
      <Filter>Header Files</Filter>
    </ClInclude>
    <ClInclude Include="..\src\monster.h">
      <Filter>Header Files</Filter>
    </ClInclude>
    <ClInclude Include="..\src\monsters.h">
      <Filter>Header Files</Filter>
    </ClInclude>
    <ClInclude Include="..\src\mounts.h">
      <Filter>Header Files</Filter>
    </ClInclude>
    <ClInclude Include="..\src\movement.h">
      <Filter>Header Files</Filter>
    </ClInclude>
    <ClInclude Include="..\src\networkmessage.h">
      <Filter>Header Files</Filter>
    </ClInclude>
    <ClInclude Include="..\src\npc.h">
      <Filter>Header Files</Filter>
    </ClInclude>
    <ClInclude Include="..\src\otpch.h">
      <Filter>Header Files</Filter>
    </ClInclude>
    <ClInclude Include="..\src\outfit.h">
      <Filter>Header Files</Filter>
    </ClInclude>
    <ClInclude Include="..\src\outputmessage.h">
      <Filter>Header Files</Filter>
    </ClInclude>
    <ClInclude Include="..\src\party.h">
      <Filter>Header Files</Filter>
    </ClInclude>
    <ClInclude Include="..\src\player.h">
      <Filter>Header Files</Filter>
    </ClInclude>
    <ClInclude Include="..\src\playerbox.h">
      <Filter>Header Files</Filter>
    </ClInclude>
    <ClInclude Include="..\src\position.h">
      <Filter>Header Files</Filter>
    </ClInclude>
    <ClInclude Include="..\src\protocol.h">
      <Filter>Header Files</Filter>
    </ClInclude>
    <ClInclude Include="..\src\protocolgame.h">
      <Filter>Header Files</Filter>
    </ClInclude>
    <ClInclude Include="..\src\protocollogin.h">
      <Filter>Header Files</Filter>
    </ClInclude>
    <ClInclude Include="..\src\protocolold.h">
      <Filter>Header Files</Filter>
    </ClInclude>
    <ClInclude Include="..\src\quests.h">
      <Filter>Header Files</Filter>
    </ClInclude>
    <ClInclude Include="..\src\raids.h">
      <Filter>Header Files</Filter>
    </ClInclude>
    <ClInclude Include="..\src\resources.h">
      <Filter>Header Files</Filter>
    </ClInclude>
    <ClInclude Include="..\src\rsa.h">
      <Filter>Header Files</Filter>
    </ClInclude>
    <ClInclude Include="..\src\scheduler.h">
      <Filter>Header Files</Filter>
    </ClInclude>
    <ClInclude Include="..\src\scriptmanager.h">
      <Filter>Header Files</Filter>
    </ClInclude>
    <ClInclude Include="..\src\server.h">
      <Filter>Header Files</Filter>
    </ClInclude>
    <ClInclude Include="..\src\sha1.h">
      <Filter>Header Files</Filter>
    </ClInclude>
    <ClInclude Include="..\src\spawn.h">
      <Filter>Header Files</Filter>
    </ClInclude>
    <ClInclude Include="..\src\spells.h">
      <Filter>Header Files</Filter>
    </ClInclude>
    <ClInclude Include="..\src\status.h">
      <Filter>Header Files</Filter>
    </ClInclude>
    <ClInclude Include="..\src\talkaction.h">
      <Filter>Header Files</Filter>
    </ClInclude>
    <ClInclude Include="..\src\tasks.h">
      <Filter>Header Files</Filter>
    </ClInclude>
    <ClInclude Include="..\src\teleport.h">
      <Filter>Header Files</Filter>
    </ClInclude>
    <ClInclude Include="..\src\textlogger.h">
      <Filter>Header Files</Filter>
    </ClInclude>
    <ClInclude Include="..\src\thing.h">
      <Filter>Header Files</Filter>
    </ClInclude>
    <ClInclude Include="..\src\tile.h">
      <Filter>Header Files</Filter>
    </ClInclude>
    <ClInclude Include="..\src\tools.h">
      <Filter>Header Files</Filter>
    </ClInclude>
    <ClInclude Include="..\src\town.h">
      <Filter>Header Files</Filter>
    </ClInclude>
    <ClInclude Include="..\src\trashholder.h">
      <Filter>Header Files</Filter>
    </ClInclude>
    <ClInclude Include="..\src\vocation.h">
      <Filter>Header Files</Filter>
    </ClInclude>
    <ClInclude Include="..\src\waitlist.h">
      <Filter>Header Files</Filter>
    </ClInclude>
    <ClInclude Include="..\src\weapons.h">
      <Filter>Header Files</Filter>
    </ClInclude>
    <ClInclude Include="..\src\depotchest.h">
      <Filter>Header Files</Filter>
    </ClInclude>
    <ClInclude Include="..\src\depotlocker.h">
      <Filter>Header Files</Filter>
    </ClInclude>
    <ClInclude Include="..\src\inbox.h">
      <Filter>Header Files</Filter>
    </ClInclude>
  </ItemGroup>
</Project>